Microsoft Visual Studio Solution File, Format Version 12.00
# Visual Studio Version 17
VisualStudioVersion = 17.0.31903.59
MinimumVisualStudioVersion = 10.0.40219.1
Project("{FAE04EC0-301F-11D3-BF4B-00C04F79EFBC}") = "TabletopEventManager.Api", "src\TabletopEventManager.Api\TabletopEventManager.Api.csproj", "{B0E9B4E0-0C5D-4B5E-A126-1D11A8B19EA1}"
EndProject
Project("{FAE04EC0-301F-11D3-BF4B-00C04F79EFBC}") = "TabletopEventManager.Api.Tests", "tests\TabletopEventManager.Api.Tests\TabletopEventManager.Api.Tests.csproj", "{4A9BD2F4-0E04-4F70-8B1B-9B4ABBA541E8}"
EndProject
Global
	GlobalSection(SolutionConfigurationPlatforms) = preSolution
		Debug|Any CPU = Debug|Any CPU
		Release|Any CPU = Release|Any CPU
	EndGlobalSection
	GlobalSection(ProjectConfigurationPlatforms) = postSolution
		{B0E9B4E0-0C5D-4B5E-A126-1D11A8B19EA1}.Debug|Any CPU.ActiveCfg = Debug|Any CPU
		{B0E9B4E0-0C5D-4B5E-A126-1D11A8B19EA1}.Debug|Any CPU.Build.0 = Debug|Any CPU
		{B0E9B4E0-0C5D-4B5E-A126-1D11A8B19EA1}.Release|Any CPU.ActiveCfg = Release|Any CPU
		{B0E9B4E0-0C5D-4B5E-A126-1D11A8B19EA1}.Release|Any CPU.Build.0 = Release|Any CPU
		{4A9BD2F4-0E04-4F70-8B1B-9B4ABBA541E8}.Debug|Any CPU.ActiveCfg = Debug|Any CPU
		{4A9BD2F4-0E04-4F70-8B1B-9B4ABBA541E8}.Debug|Any CPU.Build.0 = Debug|Any CPU
		{4A9BD2F4-0E04-4F70-8B1B-9B4ABBA541E8}.Release|Any CPU.ActiveCfg = Release|Any CPU
		{4A9BD2F4-0E04-4F70-8B1B-9B4ABBA541E8}.Release|Any CPU.Build.0 = Release|Any CPU
	EndGlobalSection
	GlobalSection(SolutionProperties) = preSolution
		HideSolutionNode = FALSE
	EndGlobalSection
EndGlobal
