
Microsoft Visual Studio Solution File, Format Version 12.00
# Visual Studio Version 17
VisualStudioVersion = 17.0.31903.59
MinimumVisualStudioVersion = 10.0.40219.1
Project("{FAE04EC0-301F-11D3-BF4B-00C04F79EFBC}") = "TabletopEventManager.Api", "src\TabletopEventManager.Api\TabletopEventManager.Api.csproj", "{B0E9B4E0-0C5D-4B5E-A126-1D11A8B19EA1}"
EndProject
Project("{FAE04EC0-301F-11D3-BF4B-00C04F79EFBC}") = "TabletopEventManager.Api.Tests", "tests\TabletopEventManager.Api.Tests\TabletopEventManager.Api.Tests.csproj", "{4A9BD2F4-0E04-4F70-8B1B-9B4ABBA541E8}"
EndProject
Project("{2150E333-8FDC-42A3-9474-1A3956D46DE8}") = "tests", "tests", "{0AB3BF05-4346-4AA6-1389-037BE0695223}"
EndProject
Project("{FAE04EC0-301F-11D3-BF4B-00C04F79EFBC}") = "TabletopEventManager.Api.IntegrationTests", "tests\TabletopEventManager.Api.IntegrationTests\TabletopEventManager.Api.IntegrationTests.csproj", "{F33A7972-05ED-4D83-BD97-8C73FBD048EE}"
EndProject
Project("{2150E333-8FDC-42A3-9474-1A3956D46DE8}") = "src", "src", "{827E0CD3-B72D-47B6-A68D-7590B98EB39B}"
EndProject
Global
	GlobalSection(SolutionConfigurationPlatforms) = preSolution
		Debug|Any CPU = Debug|Any CPU
		Debug|x64 = Debug|x64
		Debug|x86 = Debug|x86
		Release|Any CPU = Release|Any CPU
		Release|x64 = Release|x64
		Release|x86 = Release|x86
	EndGlobalSection
	GlobalSection(ProjectConfigurationPlatforms) = postSolution
		{B0E9B4E0-0C5D-4B5E-A126-1D11A8B19EA1}.Debug|Any CPU.ActiveCfg = Debug|Any CPU
		{B0E9B4E0-0C5D-4B5E-A126-1D11A8B19EA1}.Debug|Any CPU.Build.0 = Debug|Any CPU
		{B0E9B4E0-0C5D-4B5E-A126-1D11A8B19EA1}.Debug|x64.ActiveCfg = Debug|Any CPU
		{B0E9B4E0-0C5D-4B5E-A126-1D11A8B19EA1}.Debug|x64.Build.0 = Debug|Any CPU
		{B0E9B4E0-0C5D-4B5E-A126-1D11A8B19EA1}.Debug|x86.ActiveCfg = Debug|Any CPU
		{B0E9B4E0-0C5D-4B5E-A126-1D11A8B19EA1}.Debug|x86.Build.0 = Debug|Any CPU
		{B0E9B4E0-0C5D-4B5E-A126-1D11A8B19EA1}.Release|Any CPU.ActiveCfg = Release|Any CPU
		{B0E9B4E0-0C5D-4B5E-A126-1D11A8B19EA1}.Release|Any CPU.Build.0 = Release|Any CPU
		{B0E9B4E0-0C5D-4B5E-A126-1D11A8B19EA1}.Release|x64.ActiveCfg = Release|Any CPU
		{B0E9B4E0-0C5D-4B5E-A126-1D11A8B19EA1}.Release|x64.Build.0 = Release|Any CPU
		{B0E9B4E0-0C5D-4B5E-A126-1D11A8B19EA1}.Release|x86.ActiveCfg = Release|Any CPU
		{B0E9B4E0-0C5D-4B5E-A126-1D11A8B19EA1}.Release|x86.Build.0 = Release|Any CPU
		{4A9BD2F4-0E04-4F70-8B1B-9B4ABBA541E8}.Debug|Any CPU.ActiveCfg = Debug|Any CPU
		{4A9BD2F4-0E04-4F70-8B1B-9B4ABBA541E8}.Debug|Any CPU.Build.0 = Debug|Any CPU
		{4A9BD2F4-0E04-4F70-8B1B-9B4ABBA541E8}.Debug|x64.ActiveCfg = Debug|Any CPU
		{4A9BD2F4-0E04-4F70-8B1B-9B4ABBA541E8}.Debug|x64.Build.0 = Debug|Any CPU
		{4A9BD2F4-0E04-4F70-8B1B-9B4ABBA541E8}.Debug|x86.ActiveCfg = Debug|Any CPU
		{4A9BD2F4-0E04-4F70-8B1B-9B4ABBA541E8}.Debug|x86.Build.0 = Debug|Any CPU
		{4A9BD2F4-0E04-4F70-8B1B-9B4ABBA541E8}.Release|Any CPU.ActiveCfg = Release|Any CPU
		{4A9BD2F4-0E04-4F70-8B1B-9B4ABBA541E8}.Release|Any CPU.Build.0 = Release|Any CPU
		{4A9BD2F4-0E04-4F70-8B1B-9B4ABBA541E8}.Release|x64.ActiveCfg = Release|Any CPU
		{4A9BD2F4-0E04-4F70-8B1B-9B4ABBA541E8}.Release|x64.Build.0 = Release|Any CPU
		{4A9BD2F4-0E04-4F70-8B1B-9B4ABBA541E8}.Release|x86.ActiveCfg = Release|Any CPU
		{4A9BD2F4-0E04-4F70-8B1B-9B4ABBA541E8}.Release|x86.Build.0 = Release|Any CPU
		{F33A7972-05ED-4D83-BD97-8C73FBD048EE}.Debug|Any CPU.ActiveCfg = Debug|Any CPU
		{F33A7972-05ED-4D83-BD97-8C73FBD048EE}.Debug|Any CPU.Build.0 = Debug|Any CPU
		{F33A7972-05ED-4D83-BD97-8C73FBD048EE}.Debug|x64.ActiveCfg = Debug|Any CPU
		{F33A7972-05ED-4D83-BD97-8C73FBD048EE}.Debug|x64.Build.0 = Debug|Any CPU
		{F33A7972-05ED-4D83-BD97-8C73FBD048EE}.Debug|x86.ActiveCfg = Debug|Any CPU
		{F33A7972-05ED-4D83-BD97-8C73FBD048EE}.Debug|x86.Build.0 = Debug|Any CPU
		{F33A7972-05ED-4D83-BD97-8C73FBD048EE}.Release|Any CPU.ActiveCfg = Release|Any CPU
		{F33A7972-05ED-4D83-BD97-8C73FBD048EE}.Release|Any CPU.Build.0 = Release|Any CPU
		{F33A7972-05ED-4D83-BD97-8C73FBD048EE}.Release|x64.ActiveCfg = Release|Any CPU
		{F33A7972-05ED-4D83-BD97-8C73FBD048EE}.Release|x64.Build.0 = Release|Any CPU
		{F33A7972-05ED-4D83-BD97-8C73FBD048EE}.Release|x86.ActiveCfg = Release|Any CPU
		{F33A7972-05ED-4D83-BD97-8C73FBD048EE}.Release|x86.Build.0 = Release|Any CPU
	EndGlobalSection
	GlobalSection(SolutionProperties) = preSolution
		HideSolutionNode = FALSE
	EndGlobalSection
	GlobalSection(NestedProjects) = preSolution
		{F33A7972-05ED-4D83-BD97-8C73FBD048EE} = {0AB3BF05-4346-4AA6-1389-037BE0695223}
	EndGlobalSection
EndGlobal
